hash: a240fac2746e8afc3c85fba3ac35ac29361c154ffe1303d50d6458d40fe116a1
updated: 2017-01-11T14:22:30.669948614-02:00
imports:
- name: github.com/ajg/form
  version: cc2954064ec9ea8d93917f0f87456e11d7b881ad
- name: github.com/fatih/structs
  version: a720dfa8df582c51dee1b36feabb906bde1588bd
- name: github.com/gavv/httpexpect
  version: 40724cf1e4a08b670b14a02deff693a91f3aa9a0
- name: github.com/gavv/monotime
  version: 47d58efa69556a936a3c15eb2ed42706d968ab01
- name: github.com/geekypanda/httpcache
  version: 76ba6c68462ae362cda7564c44492b95322b363a
  subpackages:
  - internal/fhttp
  - internal/nethttp
  - internal/server
  - internal
  - internal/fhttp/rule
  - internal/nethttp/rule
- name: github.com/google/go-github
  version: dcda0b96bd591fbeb40dcaddec3fb40a7fcaca34
  subpackages:
  - github
- name: github.com/google/go-querystring
  version: 9235644dd9e52eeae6fa48efd539fdc351a0af53
  subpackages:
  - query
- name: github.com/gorilla/websocket
  version: adf16b31781325cbd41085c5be901d95b4d1f33d
- name: github.com/hashicorp/go-version
  version: e96d3840402619007766590ecea8dd7af1292276
- name: github.com/imdario/mergo
  version: 50d4dbd4eb0e84778abe37cefef140271d96fade
- name: github.com/iris-contrib/formBinder
  version: 81b6a071e35797b83562caf4b3cad24dc01912dc
- name: github.com/iris-contrib/lego
  version: 095d7f6459c501cb15319aa2754afa221b81a3ec
  subpackages:
  - acme
- name: github.com/iris-contrib/letsencrypt
  version: 1a3e5c619a13b307df3b1b4da7cb7e57d2e156dd
- name: github.com/iris-contrib/middleware
  version: eff973db50aaea60190e75f8f5dc343f7de34b38
  subpackages:
  - cors
- name: github.com/iris-contrib/websocket
  version: cc9f1712095295a828e9a2efaef388d30b9c7760
- name: github.com/jmoiron/sqlx
  version: cac998c4f0959c19c638c523e374fa8e4e0bcfe3
  subpackages:
  - reflectx
- name: github.com/jtolds/gls
  version: 8ddce2a84170772b95dd5d576c48d517b22cac63
- name: github.com/kataras/go-errors
  version: 0f977b82cc78d5d31bb75fb6f903ad9e852c8bbd
- name: github.com/kataras/go-fs
  version: c029e113d9faaf558b730f06041c8bf9545a3502
- name: github.com/kataras/go-options
  version: 23b556c1b935c594ec6d71ff81ead4dbeec3aa8d
- name: github.com/kataras/go-serializer
  version: 0bd874a15c70db74ef2e668e5eeda27041f03b81
  subpackages:
  - data
  - json
  - jsonp
  - markdown
  - text
  - xml
- name: github.com/kataras/go-sessions
  version: 0bbd868d2fae7aa2577d5331f9166216a12ecb35
- name: github.com/kataras/go-template
  version: 457f21178102f4688603eccbb4f2e8d5ae1023bf
  subpackages:
  - html
- name: github.com/kataras/go-websocket
  version: f65d59683821f0087910d65badf1b9d95e59c41a
- name: github.com/kataras/iris
  version: bfac948889256ebe36e3a1b2b2dc32bbd3c7e82a
  subpackages:
  - config
  - utils
- name: github.com/klauspost/compress
  version: e3b7981a12dd3cab49afa1d3a50e715846f23732
  subpackages:
  - gzip
  - flate
  - zlib
- name: github.com/klauspost/cpuid
  version: 09cded8978dc9e80714c4d85b0322337b0a1e5e0
- name: github.com/klauspost/crc32
  version: cb6bfca970f6908083f26f39a79009d608efd5cd
- name: github.com/mattn/go-sqlite3
  version: ca5e3819723d8eeaf170ad510e7da1d6d2e94a08
- name: github.com/microcosm-cc/bluemonday
  version: e79763773ab6222ca1d5a7cbd9d62d83c1f77081
- name: github.com/miekg/dns
  version: ca336a1f95a6b89be9c250df26c7a41742eb4a6f
- name: github.com/moul/http2curl
  version: 4e24498b31dba4683efb9d35c1c8a91e2eda28c8
- name: github.com/parnurzeal/gorequest
  version: 2aea80ce763523ecc6452e61c3727ae9595a5809
- name: github.com/russross/blackfriday
  version: 5f33e7b7878355cd2b7e6b8eefc48a5472c69f70
- name: github.com/shurcooL/sanitized_anchor_name
  version: 1dba4b3954bc059efc3991ec364f9f9a35f597d2
- name: github.com/smartystreets/assertions
  version: e9a2f6771d97c709b2f7609fdf89ebde8b64c926
- name: github.com/smartystreets/goconvey
  version: d4c757aa9afd1e2fc1832aaab209b5794eb336e1
- name: github.com/square/go-jose
  version: 50df5ca198e569d06795909c091ac0cea62e925a
  subpackages:
  - cipher
  - json
- name: github.com/valyala/bytebufferpool
  version: e746df99fe4a3986f4d4f79e13c1e0117ce9c2f7
- name: github.com/valyala/fasthttp
  version: 0a7f0a797cd66b89588d0a7fdd670b706579a621
  subpackages:
  - fasthttpadaptor
  - fasthttputil
  - stackless
- name: github.com/yudai/golcs
  version: d1c525dea8ce39ea9a783d33cf08932305373f2c
- name: golang.org/x/crypto
  version: 7c6cc321c680f03b9ef0764448e780704f486b51
  subpackages:
  - acme/autocert
  - acme
  - ocsp
- name: golang.org/x/net
  version: 60c41d1de8da134c05b7b40154a9a82bf5b7edb9
  subpackages:
  - context
  - publicsuffix
  - context/ctxhttp
  - html
  - html/atom
- name: golang.org/x/time
  version: f51c12702a4d776e4c1fa9b0fabab841babae631
  subpackages:
  - rate
- name: gopkg.in/square/go-jose.v1
  version: aa2e30fdd1fe9dd3394119af66451ae790d50e0d
testImports:
- name: github.com/davecgh/go-spew
  version: 6d212800a42e8ab5c146b8ace3490ee17e5225f9
  subpackages:
  - spew
- name: github.com/pmezard/go-difflib
  version: d8ed2627bdf02c080bf22230dbb337003b7aba2d
  subpackages:
  - difflib
- name: github.com/stretchr/testify
  version: 69483b4bd14f5845b5a1e55bca19e954e827f1d0
  subpackages:
  - assert
